
Microsoft Visual Studio Solution File, Format Version 12.00
# Visual Studio Version 16
VisualStudioVersion = 16.0.33214.272
MinimumVisualStudioVersion = 10.0.40219.1
Project("{FAE04EC0-301F-11D3-BF4B-00C04F79EFBC}") = "RProducer", "RProducer.csproj", "{8B3C07F8-E022-487A-A2F1-864EB2D6DD6F}"
EndProject
Global
	GlobalSection(SolutionConfigurationPlatforms) = preSolution
		Debug|Any CPU = Debug|Any CPU
		Release|Any CPU = Release|Any CPU
	EndGlobalSection
	GlobalSection(ProjectConfigurationPlatforms) = postSolution
		{8B3C07F8-E022-487A-A2F1-864EB2D6DD6F}.Debug|Any CPU.ActiveCfg = Debug|Any CPU
		{8B3C07F8-E022-487A-A2F1-864EB2D6DD6F}.Debug|Any CPU.Build.0 = Debug|Any CPU
		{8B3C07F8-E022-487A-A2F1-864EB2D6DD6F}.Release|Any CPU.ActiveCfg = Release|Any CPU
		{8B3C07F8-E022-487A-A2F1-864EB2D6DD6F}.Release|Any CPU.Build.0 = Release|Any CPU
	EndGlobalSection
	GlobalSection(SolutionProperties) = preSolution
		HideSolutionNode = FALSE
	EndGlobalSection
	GlobalSection(ExtensibilityGlobals) = postSolution
		SolutionGuid = {7AF0C4D0-B89A-4C21-A82B-AAE7FDFE0B0C}
	EndGlobalSection
EndGlobal
